
Microsoft Visual Studio Solution File, Format Version 10.00
# Visual Studio 2008
Project("{FAE04EC0-301F-11D3-BF4B-00C04F79EFBC}") = "CloudObserver", "..\Projects\CloudObserver\CloudObserver.csproj", "{8224169B-67F0-4B2A-A24F-B764BB6F888F}"
EndProject
Project("{FAE04EC0-301F-11D3-BF4B-00C04F79EFBC}") = "CloudObserver.ServiceHostApplication", "..\Projects\CloudObserver.ServiceHostApplication\CloudObserver.ServiceHostApplication.csproj", "{81013536-0743-4773-82BE-B5226AEE39CE}"
EndProject
Global
	GlobalSection(SolutionConfigurationPlatforms) = preSolution
		Debug|Any CPU = Debug|Any CPU
		Release|Any CPU = Release|Any CPU
	EndGlobalSection
	GlobalSection(ProjectConfigurationPlatforms) = postSolution
		{8224169B-67F0-4B2A-A24F-B764BB6F888F}.Debug|Any CPU.ActiveCfg = Debug|Any CPU
		{8224169B-67F0-4B2A-A24F-B764BB6F888F}.Debug|Any CPU.Build.0 = Debug|Any CPU
		{8224169B-67F0-4B2A-A24F-B764BB6F888F}.Release|Any CPU.ActiveCfg = Release|Any CPU
		{8224169B-67F0-4B2A-A24F-B764BB6F888F}.Release|Any CPU.Build.0 = Release|Any CPU
		{81013536-0743-4773-82BE-B5226AEE39CE}.Debug|Any CPU.ActiveCfg = Debug|Any CPU
		{81013536-0743-4773-82BE-B5226AEE39CE}.Debug|Any CPU.Build.0 = Debug|Any CPU
		{81013536-0743-4773-82BE-B5226AEE39CE}.Release|Any CPU.ActiveCfg = Release|Any CPU
		{81013536-0743-4773-82BE-B5226AEE39CE}.Release|Any CPU.Build.0 = Release|Any CPU
	EndGlobalSection
	GlobalSection(SolutionProperties) = preSolution
		HideSolutionNode = FALSE
	EndGlobalSection
EndGlobal
