
Microsoft Visual Studio Solution File, Format Version 10.00
# Visual Studio 2008
Project("{FAE04EC0-301F-11D3-BF4B-00C04F79EFBC}") = "CloudPhone", "..\Projects\CloudPhone\CloudPhone.csproj", "{8D1AFAB3-BBF9-4541-A025-D2DD867D2FA3}"
EndProject
Project("{FAE04EC0-301F-11D3-BF4B-00C04F79EFBC}") = "CloudObserver", "..\Projects\CloudObserver\CloudObserver.csproj", "{8224169B-67F0-4B2A-A24F-B764BB6F888F}"
EndProject
Project("{FAE04EC0-301F-11D3-BF4B-00C04F79EFBC}") = "CloudPhoneClient", "..\Projects\CloudPhoneClient\CloudPhoneClient.csproj", "{A6264616-6239-44FD-8FE7-776E8210DF3A}"
EndProject
Global
	GlobalSection(SolutionConfigurationPlatforms) = preSolution
		Debug|Any CPU = Debug|Any CPU
		Release|Any CPU = Release|Any CPU
	EndGlobalSection
	GlobalSection(ProjectConfigurationPlatforms) = postSolution
		{8D1AFAB3-BBF9-4541-A025-D2DD867D2FA3}.Debug|Any CPU.ActiveCfg = Debug|Any CPU
		{8D1AFAB3-BBF9-4541-A025-D2DD867D2FA3}.Debug|Any CPU.Build.0 = Debug|Any CPU
		{8D1AFAB3-BBF9-4541-A025-D2DD867D2FA3}.Release|Any CPU.ActiveCfg = Release|Any CPU
		{8D1AFAB3-BBF9-4541-A025-D2DD867D2FA3}.Release|Any CPU.Build.0 = Release|Any CPU
		{8224169B-67F0-4B2A-A24F-B764BB6F888F}.Debug|Any CPU.ActiveCfg = Debug|Any CPU
		{8224169B-67F0-4B2A-A24F-B764BB6F888F}.Debug|Any CPU.Build.0 = Debug|Any CPU
		{8224169B-67F0-4B2A-A24F-B764BB6F888F}.Release|Any CPU.ActiveCfg = Release|Any CPU
		{8224169B-67F0-4B2A-A24F-B764BB6F888F}.Release|Any CPU.Build.0 = Release|Any CPU
		{A6264616-6239-44FD-8FE7-776E8210DF3A}.Debug|Any CPU.ActiveCfg = Debug|Any CPU
		{A6264616-6239-44FD-8FE7-776E8210DF3A}.Debug|Any CPU.Build.0 = Debug|Any CPU
		{A6264616-6239-44FD-8FE7-776E8210DF3A}.Release|Any CPU.ActiveCfg = Release|Any CPU
		{A6264616-6239-44FD-8FE7-776E8210DF3A}.Release|Any CPU.Build.0 = Release|Any CPU
	EndGlobalSection
	GlobalSection(SolutionProperties) = preSolution
		HideSolutionNode = FALSE
	EndGlobalSection
EndGlobal
