
Microsoft Visual Studio Solution File, Format Version 10.00
# Visual Studio 2008
Project("{FAE04EC0-301F-11D3-BF4B-00C04F79EFBC}") = "CloudObserver", "..\Projects\CloudObserver\CloudObserver.csproj", "{8224169B-67F0-4B2A-A24F-B764BB6F888F}"
EndProject
Project("{FAE04EC0-301F-11D3-BF4B-00C04F79EFBC}") = "CloudObserver.Gui", "..\Projects\CloudObserver.Gui\CloudObserver.Gui.csproj", "{A4FEB97C-4A4C-4FC1-9A72-39F6B0814952}"
EndProject
Project("{FAE04EC0-301F-11D3-BF4B-00C04F79EFBC}") = "CloudObserver.ServiceHostApplication", "..\Projects\CloudObserver.ServiceHostApplication\CloudObserver.ServiceHostApplication.csproj", "{81013536-0743-4773-82BE-B5226AEE39CE}"
EndProject
Project("{FAE04EC0-301F-11D3-BF4B-00C04F79EFBC}") = "CloudObserver.TestClient", "..\Projects\CloudObserver.TestClient\CloudObserver.TestClient.csproj", "{F601E494-F332-409C-8C13-537A34BCEB59}"
EndProject
Project("{FAE04EC0-301F-11D3-BF4B-00C04F79EFBC}") = "Mp3Sharp", "..\Projects\Mp3Sharp\Mp3Sharp.csproj", "{834CAB58-648D-47CC-AC6F-D01C08C809A4}"
EndProject
Global
	GlobalSection(SolutionConfigurationPlatforms) = preSolution
		Debug|Any CPU = Debug|Any CPU
		Release|Any CPU = Release|Any CPU
	EndGlobalSection
	GlobalSection(ProjectConfigurationPlatforms) = postSolution
		{8224169B-67F0-4B2A-A24F-B764BB6F888F}.Debug|Any CPU.ActiveCfg = Debug|Any CPU
		{8224169B-67F0-4B2A-A24F-B764BB6F888F}.Debug|Any CPU.Build.0 = Debug|Any CPU
		{8224169B-67F0-4B2A-A24F-B764BB6F888F}.Release|Any CPU.ActiveCfg = Release|Any CPU
		{8224169B-67F0-4B2A-A24F-B764BB6F888F}.Release|Any CPU.Build.0 = Release|Any CPU
		{A4FEB97C-4A4C-4FC1-9A72-39F6B0814952}.Debug|Any CPU.ActiveCfg = Debug|Any CPU
		{A4FEB97C-4A4C-4FC1-9A72-39F6B0814952}.Debug|Any CPU.Build.0 = Debug|Any CPU
		{A4FEB97C-4A4C-4FC1-9A72-39F6B0814952}.Release|Any CPU.ActiveCfg = Release|Any CPU
		{A4FEB97C-4A4C-4FC1-9A72-39F6B0814952}.Release|Any CPU.Build.0 = Release|Any CPU
		{81013536-0743-4773-82BE-B5226AEE39CE}.Debug|Any CPU.ActiveCfg = Debug|Any CPU
		{81013536-0743-4773-82BE-B5226AEE39CE}.Debug|Any CPU.Build.0 = Debug|Any CPU
		{81013536-0743-4773-82BE-B5226AEE39CE}.Release|Any CPU.ActiveCfg = Release|Any CPU
		{81013536-0743-4773-82BE-B5226AEE39CE}.Release|Any CPU.Build.0 = Release|Any CPU
		{F601E494-F332-409C-8C13-537A34BCEB59}.Debug|Any CPU.ActiveCfg = Debug|Any CPU
		{F601E494-F332-409C-8C13-537A34BCEB59}.Debug|Any CPU.Build.0 = Debug|Any CPU
		{F601E494-F332-409C-8C13-537A34BCEB59}.Release|Any CPU.ActiveCfg = Release|Any CPU
		{F601E494-F332-409C-8C13-537A34BCEB59}.Release|Any CPU.Build.0 = Release|Any CPU
		{834CAB58-648D-47CC-AC6F-D01C08C809A4}.Debug|Any CPU.ActiveCfg = Debug|Any CPU
		{834CAB58-648D-47CC-AC6F-D01C08C809A4}.Debug|Any CPU.Build.0 = Debug|Any CPU
		{834CAB58-648D-47CC-AC6F-D01C08C809A4}.Release|Any CPU.ActiveCfg = Release|Any CPU
		{834CAB58-648D-47CC-AC6F-D01C08C809A4}.Release|Any CPU.Build.0 = Release|Any CPU
	EndGlobalSection
	GlobalSection(SolutionProperties) = preSolution
		HideSolutionNode = FALSE
	EndGlobalSection
EndGlobal
