
Microsoft Visual Studio Solution File, Format Version 10.00
# Visual Studio 2008
Project("{E24C65DC-7377-472B-9ABA-BC803B73C61A}") = "concept1Site", "concept1Site\", "{A32BD927-9C87-488F-A983-297223A050F6}"
	ProjectSection(WebsiteProperties) = preProject
		TargetFramework = "3.5"
		Debug.AspNetCompiler.VirtualPath = "/concept1Site"
		Debug.AspNetCompiler.PhysicalPath = "concept1Site\"
		Debug.AspNetCompiler.TargetPath = "PrecompiledWeb\concept1Site\"
		Debug.AspNetCompiler.Updateable = "true"
		Debug.AspNetCompiler.ForceOverwrite = "true"
		Debug.AspNetCompiler.FixedNames = "false"
		Debug.AspNetCompiler.Debug = "True"
		Release.AspNetCompiler.VirtualPath = "/concept1Site"
		Release.AspNetCompiler.PhysicalPath = "concept1Site\"
		Release.AspNetCompiler.TargetPath = "PrecompiledWeb\concept1Site\"
		Release.AspNetCompiler.Updateable = "true"
		Release.AspNetCompiler.ForceOverwrite = "true"
		Release.AspNetCompiler.FixedNames = "false"
		Release.AspNetCompiler.Debug = "False"
		VWDPort = "54960"
		ProjOutputReferences = "{c81a7f11-46b8-4120-a572-c462cf30e9fb}|ClientBin|false;"
	EndProjectSection
EndProject
Project("{FAE04EC0-301F-11D3-BF4B-00C04F79EFBC}") = "conceptOfLogInApp", "concept1\conceptOfLogInApp.csproj", "{C81A7F11-46B8-4120-A572-C462CF30E9FB}"
EndProject
Global
	GlobalSection(SolutionConfigurationPlatforms) = preSolution
		Debug|Any CPU = Debug|Any CPU
		Release|Any CPU = Release|Any CPU
	EndGlobalSection
	GlobalSection(ProjectConfigurationPlatforms) = postSolution
		{A32BD927-9C87-488F-A983-297223A050F6}.Debug|Any CPU.ActiveCfg = Debug|Any CPU
		{A32BD927-9C87-488F-A983-297223A050F6}.Debug|Any CPU.Build.0 = Debug|Any CPU
		{A32BD927-9C87-488F-A983-297223A050F6}.Release|Any CPU.ActiveCfg = Release|Any CPU
		{A32BD927-9C87-488F-A983-297223A050F6}.Release|Any CPU.Build.0 = Release|Any CPU
		{C81A7F11-46B8-4120-A572-C462CF30E9FB}.Debug|Any CPU.ActiveCfg = Debug|Any CPU
		{C81A7F11-46B8-4120-A572-C462CF30E9FB}.Debug|Any CPU.Build.0 = Debug|Any CPU
		{C81A7F11-46B8-4120-A572-C462CF30E9FB}.Release|Any CPU.ActiveCfg = Release|Any CPU
		{C81A7F11-46B8-4120-A572-C462CF30E9FB}.Release|Any CPU.Build.0 = Release|Any CPU
	EndGlobalSection
	GlobalSection(SolutionProperties) = preSolution
		HideSolutionNode = FALSE
	EndGlobalSection
EndGlobal
