
Microsoft Visual Studio Solution File, Format Version 10.00
# Visual Studio 2008
Project("{8BC9CEB8-8B4A-11D0-8D11-00A0C91BC942}") = "mp3_conv", "mp3_conv\mp3_conv.vcproj", "{5905FD68-3DB6-416F-AD96-851827218E7B}"
	ProjectSection(ProjectDependencies) = postProject
		{4B152319-0AF6-4E1B-A284-805D6483C5F1} = {4B152319-0AF6-4E1B-A284-805D6483C5F1}
		{0AB48E5D-FAA5-402B-84D6-2F5166D90DD4} = {0AB48E5D-FAA5-402B-84D6-2F5166D90DD4}
	EndProjectSection
EndProject
Project("{8BC9CEB8-8B4A-11D0-8D11-00A0C91BC942}") = "mpglib_vc8", "mpglib\mpglib_vc8.vcproj", "{0AB48E5D-FAA5-402B-84D6-2F5166D90DD4}"
EndProject
Project("{8BC9CEB8-8B4A-11D0-8D11-00A0C91BC942}") = "libmp3lame_vc8", "libmp3lame\libmp3lame_vc8.vcproj", "{4B152319-0AF6-4E1B-A284-805D6483C5F1}"
EndProject
Global
	GlobalSection(SolutionConfigurationPlatforms) = preSolution
		Debug GTK|Win32 = Debug GTK|Win32
		Debug|Win32 = Debug|Win32
		Release NASM|Win32 = Release NASM|Win32
		Release|Win32 = Release|Win32
	EndGlobalSection
	GlobalSection(ProjectConfigurationPlatforms) = postSolution
		{5905FD68-3DB6-416F-AD96-851827218E7B}.Debug GTK|Win32.ActiveCfg = Debug|Win32
		{5905FD68-3DB6-416F-AD96-851827218E7B}.Debug GTK|Win32.Build.0 = Debug|Win32
		{5905FD68-3DB6-416F-AD96-851827218E7B}.Debug|Win32.ActiveCfg = Debug|Win32
		{5905FD68-3DB6-416F-AD96-851827218E7B}.Debug|Win32.Build.0 = Debug|Win32
		{5905FD68-3DB6-416F-AD96-851827218E7B}.Release NASM|Win32.ActiveCfg = Release|Win32
		{5905FD68-3DB6-416F-AD96-851827218E7B}.Release NASM|Win32.Build.0 = Release|Win32
		{5905FD68-3DB6-416F-AD96-851827218E7B}.Release|Win32.ActiveCfg = Release|Win32
		{5905FD68-3DB6-416F-AD96-851827218E7B}.Release|Win32.Build.0 = Release|Win32
		{0AB48E5D-FAA5-402B-84D6-2F5166D90DD4}.Debug GTK|Win32.ActiveCfg = Debug GTK|Win32
		{0AB48E5D-FAA5-402B-84D6-2F5166D90DD4}.Debug GTK|Win32.Build.0 = Debug GTK|Win32
		{0AB48E5D-FAA5-402B-84D6-2F5166D90DD4}.Debug|Win32.ActiveCfg = Debug|Win32
		{0AB48E5D-FAA5-402B-84D6-2F5166D90DD4}.Debug|Win32.Build.0 = Debug|Win32
		{0AB48E5D-FAA5-402B-84D6-2F5166D90DD4}.Release NASM|Win32.ActiveCfg = Release|Win32
		{0AB48E5D-FAA5-402B-84D6-2F5166D90DD4}.Release NASM|Win32.Build.0 = Release|Win32
		{0AB48E5D-FAA5-402B-84D6-2F5166D90DD4}.Release|Win32.ActiveCfg = Release|Win32
		{0AB48E5D-FAA5-402B-84D6-2F5166D90DD4}.Release|Win32.Build.0 = Release|Win32
		{4B152319-0AF6-4E1B-A284-805D6483C5F1}.Debug GTK|Win32.ActiveCfg = Debug GTK|Win32
		{4B152319-0AF6-4E1B-A284-805D6483C5F1}.Debug GTK|Win32.Build.0 = Debug GTK|Win32
		{4B152319-0AF6-4E1B-A284-805D6483C5F1}.Debug|Win32.ActiveCfg = Debug|Win32
		{4B152319-0AF6-4E1B-A284-805D6483C5F1}.Debug|Win32.Build.0 = Debug|Win32
		{4B152319-0AF6-4E1B-A284-805D6483C5F1}.Release NASM|Win32.ActiveCfg = Release NASM|Win32
		{4B152319-0AF6-4E1B-A284-805D6483C5F1}.Release NASM|Win32.Build.0 = Release NASM|Win32
		{4B152319-0AF6-4E1B-A284-805D6483C5F1}.Release|Win32.ActiveCfg = Release|Win32
		{4B152319-0AF6-4E1B-A284-805D6483C5F1}.Release|Win32.Build.0 = Release|Win32
	EndGlobalSection
	GlobalSection(SolutionProperties) = preSolution
		HideSolutionNode = FALSE
	EndGlobalSection
EndGlobal
