
Microsoft Visual Studio Solution File, Format Version 10.00
# Visual Studio 2008
Project("{8BC9CEB8-8B4A-11D0-8D11-00A0C91BC942}") = "source_skelet", "source_skelet\source_skelet.vcproj", "{13D29AC7-390A-4A8B-92AB-E26B3A2F2C91}"
EndProject
Project("{8BC9CEB8-8B4A-11D0-8D11-00A0C91BC942}") = "renderer_skelet", "renderer_skelet\renderer_skelet.vcproj", "{D3CA5361-92EC-455B-A686-02E42D62970C}"
EndProject
Project("{8BC9CEB8-8B4A-11D0-8D11-00A0C91BC942}") = "transform_skelet", "transform_skelet\transform_skelet.vcproj", "{78DA66C0-FDA9-43A1-91F9-595DD7D46963}"
EndProject
Global
	GlobalSection(SolutionConfigurationPlatforms) = preSolution
		Debug|Win32 = Debug|Win32
		Release|Win32 = Release|Win32
	EndGlobalSection
	GlobalSection(ProjectConfigurationPlatforms) = postSolution
		{13D29AC7-390A-4A8B-92AB-E26B3A2F2C91}.Debug|Win32.ActiveCfg = Debug|Win32
		{13D29AC7-390A-4A8B-92AB-E26B3A2F2C91}.Debug|Win32.Build.0 = Debug|Win32
		{13D29AC7-390A-4A8B-92AB-E26B3A2F2C91}.Release|Win32.ActiveCfg = Release|Win32
		{13D29AC7-390A-4A8B-92AB-E26B3A2F2C91}.Release|Win32.Build.0 = Release|Win32
		{D3CA5361-92EC-455B-A686-02E42D62970C}.Debug|Win32.ActiveCfg = Debug|Win32
		{D3CA5361-92EC-455B-A686-02E42D62970C}.Debug|Win32.Build.0 = Debug|Win32
		{D3CA5361-92EC-455B-A686-02E42D62970C}.Release|Win32.ActiveCfg = Release|Win32
		{D3CA5361-92EC-455B-A686-02E42D62970C}.Release|Win32.Build.0 = Release|Win32
		{78DA66C0-FDA9-43A1-91F9-595DD7D46963}.Debug|Win32.ActiveCfg = Debug|Win32
		{78DA66C0-FDA9-43A1-91F9-595DD7D46963}.Debug|Win32.Build.0 = Debug|Win32
		{78DA66C0-FDA9-43A1-91F9-595DD7D46963}.Release|Win32.ActiveCfg = Release|Win32
		{78DA66C0-FDA9-43A1-91F9-595DD7D46963}.Release|Win32.Build.0 = Release|Win32
	EndGlobalSection
	GlobalSection(SolutionProperties) = preSolution
		HideSolutionNode = FALSE
	EndGlobalSection
EndGlobal
