
Microsoft Visual Studio Solution File, Format Version 10.00
# Visual Studio 2008
Project("{8BC9CEB8-8B4A-11D0-8D11-00A0C91BC942}") = "capture_desctop", "capture_desctop\capture_desctop.vcproj", "{3CCBEC65-348E-4F1F-B8BD-FD71724A604B}"
EndProject
Project("{8BC9CEB8-8B4A-11D0-8D11-00A0C91BC942}") = "renderer_writer", "renderer_writer\renderer_writer.vcproj", "{7ED11236-6F3F-454F-8636-E1962EF2D341}"
EndProject
Project("{8BC9CEB8-8B4A-11D0-8D11-00A0C91BC942}") = "cloud_stream_renderer", "cloud_stream_renderer\cloud_stream_renderer.vcproj", "{8632F0A2-B568-484C-B5FB-274C3C440A86}"
	ProjectSection(ProjectDependencies) = postProject
		{B0828B64-2C72-46E6-90F8-EF0CF6BB6DFF} = {B0828B64-2C72-46E6-90F8-EF0CF6BB6DFF}
	EndProjectSection
EndProject
Project("{8BC9CEB8-8B4A-11D0-8D11-00A0C91BC942}") = "CloudInterfacesLib", "CloudInterfacesLib\CloudInterfacesLib.vcproj", "{B0828B64-2C72-46E6-90F8-EF0CF6BB6DFF}"
EndProject
Project("{8BC9CEB8-8B4A-11D0-8D11-00A0C91BC942}") = "CloudInterfacesLibPS", "CloudInterfacesLib\CloudInterfacesLibPS.vcproj", "{EC435E67-5659-4565-9804-407BCDF98294}"
	ProjectSection(ProjectDependencies) = postProject
		{B0828B64-2C72-46E6-90F8-EF0CF6BB6DFF} = {B0828B64-2C72-46E6-90F8-EF0CF6BB6DFF}
	EndProjectSection
EndProject
Global
	GlobalSection(SolutionConfigurationPlatforms) = preSolution
		Debug|Any CPU = Debug|Any CPU
		Debug|Mixed Platforms = Debug|Mixed Platforms
		Debug|Win32 = Debug|Win32
		Release|Any CPU = Release|Any CPU
		Release|Mixed Platforms = Release|Mixed Platforms
		Release|Win32 = Release|Win32
	EndGlobalSection
	GlobalSection(ProjectConfigurationPlatforms) = postSolution
		{3CCBEC65-348E-4F1F-B8BD-FD71724A604B}.Debug|Any CPU.ActiveCfg = Debug|Win32
		{3CCBEC65-348E-4F1F-B8BD-FD71724A604B}.Debug|Mixed Platforms.ActiveCfg = Debug|Win32
		{3CCBEC65-348E-4F1F-B8BD-FD71724A604B}.Debug|Mixed Platforms.Build.0 = Debug|Win32
		{3CCBEC65-348E-4F1F-B8BD-FD71724A604B}.Debug|Win32.ActiveCfg = Debug|Win32
		{3CCBEC65-348E-4F1F-B8BD-FD71724A604B}.Debug|Win32.Build.0 = Debug|Win32
		{3CCBEC65-348E-4F1F-B8BD-FD71724A604B}.Release|Any CPU.ActiveCfg = Release|Win32
		{3CCBEC65-348E-4F1F-B8BD-FD71724A604B}.Release|Mixed Platforms.ActiveCfg = Release|Win32
		{3CCBEC65-348E-4F1F-B8BD-FD71724A604B}.Release|Mixed Platforms.Build.0 = Release|Win32
		{3CCBEC65-348E-4F1F-B8BD-FD71724A604B}.Release|Win32.ActiveCfg = Release|Win32
		{3CCBEC65-348E-4F1F-B8BD-FD71724A604B}.Release|Win32.Build.0 = Release|Win32
		{7ED11236-6F3F-454F-8636-E1962EF2D341}.Debug|Any CPU.ActiveCfg = Debug|Win32
		{7ED11236-6F3F-454F-8636-E1962EF2D341}.Debug|Mixed Platforms.ActiveCfg = Debug|Win32
		{7ED11236-6F3F-454F-8636-E1962EF2D341}.Debug|Mixed Platforms.Build.0 = Debug|Win32
		{7ED11236-6F3F-454F-8636-E1962EF2D341}.Debug|Win32.ActiveCfg = Debug|Win32
		{7ED11236-6F3F-454F-8636-E1962EF2D341}.Debug|Win32.Build.0 = Debug|Win32
		{7ED11236-6F3F-454F-8636-E1962EF2D341}.Release|Any CPU.ActiveCfg = Release|Win32
		{7ED11236-6F3F-454F-8636-E1962EF2D341}.Release|Mixed Platforms.ActiveCfg = Release|Win32
		{7ED11236-6F3F-454F-8636-E1962EF2D341}.Release|Mixed Platforms.Build.0 = Release|Win32
		{7ED11236-6F3F-454F-8636-E1962EF2D341}.Release|Win32.ActiveCfg = Release|Win32
		{7ED11236-6F3F-454F-8636-E1962EF2D341}.Release|Win32.Build.0 = Release|Win32
		{8632F0A2-B568-484C-B5FB-274C3C440A86}.Debug|Any CPU.ActiveCfg = Debug|Win32
		{8632F0A2-B568-484C-B5FB-274C3C440A86}.Debug|Mixed Platforms.ActiveCfg = Debug|Win32
		{8632F0A2-B568-484C-B5FB-274C3C440A86}.Debug|Mixed Platforms.Build.0 = Debug|Win32
		{8632F0A2-B568-484C-B5FB-274C3C440A86}.Debug|Win32.ActiveCfg = Debug|Win32
		{8632F0A2-B568-484C-B5FB-274C3C440A86}.Debug|Win32.Build.0 = Debug|Win32
		{8632F0A2-B568-484C-B5FB-274C3C440A86}.Release|Any CPU.ActiveCfg = Release|Win32
		{8632F0A2-B568-484C-B5FB-274C3C440A86}.Release|Mixed Platforms.ActiveCfg = Release|Win32
		{8632F0A2-B568-484C-B5FB-274C3C440A86}.Release|Mixed Platforms.Build.0 = Release|Win32
		{8632F0A2-B568-484C-B5FB-274C3C440A86}.Release|Win32.ActiveCfg = Release|Win32
		{8632F0A2-B568-484C-B5FB-274C3C440A86}.Release|Win32.Build.0 = Release|Win32
		{B0828B64-2C72-46E6-90F8-EF0CF6BB6DFF}.Debug|Any CPU.ActiveCfg = Debug|Win32
		{B0828B64-2C72-46E6-90F8-EF0CF6BB6DFF}.Debug|Mixed Platforms.ActiveCfg = Debug|Win32
		{B0828B64-2C72-46E6-90F8-EF0CF6BB6DFF}.Debug|Mixed Platforms.Build.0 = Debug|Win32
		{B0828B64-2C72-46E6-90F8-EF0CF6BB6DFF}.Debug|Win32.ActiveCfg = Debug|Win32
		{B0828B64-2C72-46E6-90F8-EF0CF6BB6DFF}.Debug|Win32.Build.0 = Debug|Win32
		{B0828B64-2C72-46E6-90F8-EF0CF6BB6DFF}.Release|Any CPU.ActiveCfg = Release|Win32
		{B0828B64-2C72-46E6-90F8-EF0CF6BB6DFF}.Release|Mixed Platforms.ActiveCfg = Release|Win32
		{B0828B64-2C72-46E6-90F8-EF0CF6BB6DFF}.Release|Mixed Platforms.Build.0 = Release|Win32
		{B0828B64-2C72-46E6-90F8-EF0CF6BB6DFF}.Release|Win32.ActiveCfg = Release|Win32
		{B0828B64-2C72-46E6-90F8-EF0CF6BB6DFF}.Release|Win32.Build.0 = Release|Win32
		{EC435E67-5659-4565-9804-407BCDF98294}.Debug|Any CPU.ActiveCfg = Debug|Win32
		{EC435E67-5659-4565-9804-407BCDF98294}.Debug|Mixed Platforms.ActiveCfg = Debug|Win32
		{EC435E67-5659-4565-9804-407BCDF98294}.Debug|Win32.ActiveCfg = Debug|Win32
		{EC435E67-5659-4565-9804-407BCDF98294}.Release|Any CPU.ActiveCfg = Release|Win32
		{EC435E67-5659-4565-9804-407BCDF98294}.Release|Mixed Platforms.ActiveCfg = Release|Win32
		{EC435E67-5659-4565-9804-407BCDF98294}.Release|Win32.ActiveCfg = Release|Win32
	EndGlobalSection
	GlobalSection(SolutionProperties) = preSolution
		HideSolutionNode = FALSE
	EndGlobalSection
EndGlobal
