
Microsoft Visual Studio Solution File, Format Version 10.00
# Visual Studio 2008
Project("{8BC9CEB8-8B4A-11D0-8D11-00A0C91BC942}") = "transform_skelet", "transform_skelet\transform_skelet.vcproj", "{78DA66C0-FDA9-43A1-91F9-595DD7D46963}"
EndProject
Project("{8BC9CEB8-8B4A-11D0-8D11-00A0C91BC942}") = "source_skelet", "source_skelet\source_skelet.vcproj", "{13D29AC7-390A-4A8B-92AB-E26B3A2F2C91}"
EndProject
Project("{8BC9CEB8-8B4A-11D0-8D11-00A0C91BC942}") = "capture_desctop", "capture_desctop\capture_desctop.vcproj", "{3CCBEC65-348E-4F1F-B8BD-FD71724A604B}"
EndProject
Project("{8BC9CEB8-8B4A-11D0-8D11-00A0C91BC942}") = "renderer_skelet", "renderer_skelet\renderer_skelet.vcproj", "{D3CA5361-92EC-455B-A686-02E42D62970C}"
EndProject
Project("{8BC9CEB8-8B4A-11D0-8D11-00A0C91BC942}") = "renderer_writer", "renderer_writer\renderer_writer.vcproj", "{7ED11236-6F3F-454F-8636-E1962EF2D341}"
EndProject
Project("{8BC9CEB8-8B4A-11D0-8D11-00A0C91BC942}") = "cloud_stream_renderer", "cloud_stream_renderer\cloud_stream_renderer.vcproj", "{8632F0A2-B568-484C-B5FB-274C3C440A86}"
EndProject
Project("{FAE04EC0-301F-11D3-BF4B-00C04F79EFBC}") = "test_ictrl", "test_ictrl\test_ictrl.csproj", "{7BDC7550-974B-4C80-951F-20FD95036FC1}"
EndProject
Global
	GlobalSection(SolutionConfigurationPlatforms) = preSolution
		Debug|Any CPU = Debug|Any CPU
		Debug|Mixed Platforms = Debug|Mixed Platforms
		Debug|Win32 = Debug|Win32
		Release|Any CPU = Release|Any CPU
		Release|Mixed Platforms = Release|Mixed Platforms
		Release|Win32 = Release|Win32
	EndGlobalSection
	GlobalSection(ProjectConfigurationPlatforms) = postSolution
		{78DA66C0-FDA9-43A1-91F9-595DD7D46963}.Debug|Any CPU.ActiveCfg = Debug|Win32
		{78DA66C0-FDA9-43A1-91F9-595DD7D46963}.Debug|Mixed Platforms.ActiveCfg = Debug|Win32
		{78DA66C0-FDA9-43A1-91F9-595DD7D46963}.Debug|Mixed Platforms.Build.0 = Debug|Win32
		{78DA66C0-FDA9-43A1-91F9-595DD7D46963}.Debug|Win32.ActiveCfg = Debug|Win32
		{78DA66C0-FDA9-43A1-91F9-595DD7D46963}.Debug|Win32.Build.0 = Debug|Win32
		{78DA66C0-FDA9-43A1-91F9-595DD7D46963}.Release|Any CPU.ActiveCfg = Release|Win32
		{78DA66C0-FDA9-43A1-91F9-595DD7D46963}.Release|Mixed Platforms.ActiveCfg = Release|Win32
		{78DA66C0-FDA9-43A1-91F9-595DD7D46963}.Release|Mixed Platforms.Build.0 = Release|Win32
		{78DA66C0-FDA9-43A1-91F9-595DD7D46963}.Release|Win32.ActiveCfg = Release|Win32
		{78DA66C0-FDA9-43A1-91F9-595DD7D46963}.Release|Win32.Build.0 = Release|Win32
		{13D29AC7-390A-4A8B-92AB-E26B3A2F2C91}.Debug|Any CPU.ActiveCfg = Debug|Win32
		{13D29AC7-390A-4A8B-92AB-E26B3A2F2C91}.Debug|Mixed Platforms.ActiveCfg = Debug|Win32
		{13D29AC7-390A-4A8B-92AB-E26B3A2F2C91}.Debug|Mixed Platforms.Build.0 = Debug|Win32
		{13D29AC7-390A-4A8B-92AB-E26B3A2F2C91}.Debug|Win32.ActiveCfg = Debug|Win32
		{13D29AC7-390A-4A8B-92AB-E26B3A2F2C91}.Debug|Win32.Build.0 = Debug|Win32
		{13D29AC7-390A-4A8B-92AB-E26B3A2F2C91}.Release|Any CPU.ActiveCfg = Release|Win32
		{13D29AC7-390A-4A8B-92AB-E26B3A2F2C91}.Release|Mixed Platforms.ActiveCfg = Release|Win32
		{13D29AC7-390A-4A8B-92AB-E26B3A2F2C91}.Release|Mixed Platforms.Build.0 = Release|Win32
		{13D29AC7-390A-4A8B-92AB-E26B3A2F2C91}.Release|Win32.ActiveCfg = Release|Win32
		{13D29AC7-390A-4A8B-92AB-E26B3A2F2C91}.Release|Win32.Build.0 = Release|Win32
		{3CCBEC65-348E-4F1F-B8BD-FD71724A604B}.Debug|Any CPU.ActiveCfg = Debug|Win32
		{3CCBEC65-348E-4F1F-B8BD-FD71724A604B}.Debug|Mixed Platforms.ActiveCfg = Debug|Win32
		{3CCBEC65-348E-4F1F-B8BD-FD71724A604B}.Debug|Mixed Platforms.Build.0 = Debug|Win32
		{3CCBEC65-348E-4F1F-B8BD-FD71724A604B}.Debug|Win32.ActiveCfg = Debug|Win32
		{3CCBEC65-348E-4F1F-B8BD-FD71724A604B}.Debug|Win32.Build.0 = Debug|Win32
		{3CCBEC65-348E-4F1F-B8BD-FD71724A604B}.Release|Any CPU.ActiveCfg = Release|Win32
		{3CCBEC65-348E-4F1F-B8BD-FD71724A604B}.Release|Mixed Platforms.ActiveCfg = Release|Win32
		{3CCBEC65-348E-4F1F-B8BD-FD71724A604B}.Release|Mixed Platforms.Build.0 = Release|Win32
		{3CCBEC65-348E-4F1F-B8BD-FD71724A604B}.Release|Win32.ActiveCfg = Release|Win32
		{3CCBEC65-348E-4F1F-B8BD-FD71724A604B}.Release|Win32.Build.0 = Release|Win32
		{D3CA5361-92EC-455B-A686-02E42D62970C}.Debug|Any CPU.ActiveCfg = Debug|Win32
		{D3CA5361-92EC-455B-A686-02E42D62970C}.Debug|Mixed Platforms.ActiveCfg = Debug|Win32
		{D3CA5361-92EC-455B-A686-02E42D62970C}.Debug|Mixed Platforms.Build.0 = Debug|Win32
		{D3CA5361-92EC-455B-A686-02E42D62970C}.Debug|Win32.ActiveCfg = Debug|Win32
		{D3CA5361-92EC-455B-A686-02E42D62970C}.Debug|Win32.Build.0 = Debug|Win32
		{D3CA5361-92EC-455B-A686-02E42D62970C}.Release|Any CPU.ActiveCfg = Release|Win32
		{D3CA5361-92EC-455B-A686-02E42D62970C}.Release|Mixed Platforms.ActiveCfg = Release|Win32
		{D3CA5361-92EC-455B-A686-02E42D62970C}.Release|Mixed Platforms.Build.0 = Release|Win32
		{D3CA5361-92EC-455B-A686-02E42D62970C}.Release|Win32.ActiveCfg = Release|Win32
		{D3CA5361-92EC-455B-A686-02E42D62970C}.Release|Win32.Build.0 = Release|Win32
		{7ED11236-6F3F-454F-8636-E1962EF2D341}.Debug|Any CPU.ActiveCfg = Debug|Win32
		{7ED11236-6F3F-454F-8636-E1962EF2D341}.Debug|Mixed Platforms.ActiveCfg = Debug|Win32
		{7ED11236-6F3F-454F-8636-E1962EF2D341}.Debug|Mixed Platforms.Build.0 = Debug|Win32
		{7ED11236-6F3F-454F-8636-E1962EF2D341}.Debug|Win32.ActiveCfg = Debug|Win32
		{7ED11236-6F3F-454F-8636-E1962EF2D341}.Debug|Win32.Build.0 = Debug|Win32
		{7ED11236-6F3F-454F-8636-E1962EF2D341}.Release|Any CPU.ActiveCfg = Release|Win32
		{7ED11236-6F3F-454F-8636-E1962EF2D341}.Release|Mixed Platforms.ActiveCfg = Release|Win32
		{7ED11236-6F3F-454F-8636-E1962EF2D341}.Release|Mixed Platforms.Build.0 = Release|Win32
		{7ED11236-6F3F-454F-8636-E1962EF2D341}.Release|Win32.ActiveCfg = Release|Win32
		{7ED11236-6F3F-454F-8636-E1962EF2D341}.Release|Win32.Build.0 = Release|Win32
		{8632F0A2-B568-484C-B5FB-274C3C440A86}.Debug|Any CPU.ActiveCfg = Debug|Win32
		{8632F0A2-B568-484C-B5FB-274C3C440A86}.Debug|Mixed Platforms.ActiveCfg = Debug|Win32
		{8632F0A2-B568-484C-B5FB-274C3C440A86}.Debug|Mixed Platforms.Build.0 = Debug|Win32
		{8632F0A2-B568-484C-B5FB-274C3C440A86}.Debug|Win32.ActiveCfg = Debug|Win32
		{8632F0A2-B568-484C-B5FB-274C3C440A86}.Debug|Win32.Build.0 = Debug|Win32
		{8632F0A2-B568-484C-B5FB-274C3C440A86}.Release|Any CPU.ActiveCfg = Release|Win32
		{8632F0A2-B568-484C-B5FB-274C3C440A86}.Release|Mixed Platforms.ActiveCfg = Release|Win32
		{8632F0A2-B568-484C-B5FB-274C3C440A86}.Release|Mixed Platforms.Build.0 = Release|Win32
		{8632F0A2-B568-484C-B5FB-274C3C440A86}.Release|Win32.ActiveCfg = Release|Win32
		{8632F0A2-B568-484C-B5FB-274C3C440A86}.Release|Win32.Build.0 = Release|Win32
		{7BDC7550-974B-4C80-951F-20FD95036FC1}.Debug|Any CPU.ActiveCfg = Debug|Any CPU
		{7BDC7550-974B-4C80-951F-20FD95036FC1}.Debug|Any CPU.Build.0 = Debug|Any CPU
		{7BDC7550-974B-4C80-951F-20FD95036FC1}.Debug|Mixed Platforms.ActiveCfg = Debug|Any CPU
		{7BDC7550-974B-4C80-951F-20FD95036FC1}.Debug|Mixed Platforms.Build.0 = Debug|Any CPU
		{7BDC7550-974B-4C80-951F-20FD95036FC1}.Debug|Win32.ActiveCfg = Debug|Any CPU
		{7BDC7550-974B-4C80-951F-20FD95036FC1}.Release|Any CPU.ActiveCfg = Release|Any CPU
		{7BDC7550-974B-4C80-951F-20FD95036FC1}.Release|Any CPU.Build.0 = Release|Any CPU
		{7BDC7550-974B-4C80-951F-20FD95036FC1}.Release|Mixed Platforms.ActiveCfg = Release|Any CPU
		{7BDC7550-974B-4C80-951F-20FD95036FC1}.Release|Mixed Platforms.Build.0 = Release|Any CPU
		{7BDC7550-974B-4C80-951F-20FD95036FC1}.Release|Win32.ActiveCfg = Release|Any CPU
	EndGlobalSection
	GlobalSection(SolutionProperties) = preSolution
		HideSolutionNode = FALSE
	EndGlobalSection
EndGlobal
