
Microsoft Visual Studio Solution File, Format Version 10.00
# Visual Studio 2008
Project("{8BC9CEB8-8B4A-11D0-8D11-00A0C91BC942}") = "app", "app\app.vcproj", "{27CAB6A0-0FF7-4586-81FD-5E5245F94B35}"
EndProject
Project("{8BC9CEB8-8B4A-11D0-8D11-00A0C91BC942}") = "disp", "disp\disp.vcproj", "{ECEFBA4B-3D06-4EDD-995D-28E6E04BE6A7}"
EndProject
Global
	GlobalSection(SolutionConfigurationPlatforms) = preSolution
		Debug|Win32 = Debug|Win32
		Release|Win32 = Release|Win32
	EndGlobalSection
	GlobalSection(ProjectConfigurationPlatforms) = postSolution
		{27CAB6A0-0FF7-4586-81FD-5E5245F94B35}.Debug|Win32.ActiveCfg = Debug|Win32
		{27CAB6A0-0FF7-4586-81FD-5E5245F94B35}.Debug|Win32.Build.0 = Debug|Win32
		{27CAB6A0-0FF7-4586-81FD-5E5245F94B35}.Release|Win32.ActiveCfg = Release|Win32
		{27CAB6A0-0FF7-4586-81FD-5E5245F94B35}.Release|Win32.Build.0 = Release|Win32
		{ECEFBA4B-3D06-4EDD-995D-28E6E04BE6A7}.Debug|Win32.ActiveCfg = Debug|Win32
		{ECEFBA4B-3D06-4EDD-995D-28E6E04BE6A7}.Debug|Win32.Build.0 = Debug|Win32
		{ECEFBA4B-3D06-4EDD-995D-28E6E04BE6A7}.Release|Win32.ActiveCfg = Release|Win32
		{ECEFBA4B-3D06-4EDD-995D-28E6E04BE6A7}.Release|Win32.Build.0 = Release|Win32
	EndGlobalSection
	GlobalSection(SolutionProperties) = preSolution
		HideSolutionNode = FALSE
	EndGlobalSection
EndGlobal
