
Microsoft Visual Studio Solution File, Format Version 10.00
# Visual Studio 2008
Project("{8BC9CEB8-8B4A-11D0-8D11-00A0C91BC942}") = "CloudForeverGraph", "CloudForeverGraph\CloudForeverGraph.vcproj", "{FABED366-49FE-4504-91EE-B0F203A41BFF}"
	ProjectSection(ProjectDependencies) = postProject
		{55770CA8-CF35-4A55-9DC3-350803ACE5D4} = {55770CA8-CF35-4A55-9DC3-350803ACE5D4}
	EndProjectSection
EndProject
Project("{8BC9CEB8-8B4A-11D0-8D11-00A0C91BC942}") = "CloudForever", "CloudForever\CloudForever.vcproj", "{55770CA8-CF35-4A55-9DC3-350803ACE5D4}"
EndProject
Global
	GlobalSection(SubversionScc) = preSolution
		Svn-Managed = True
		Manager = AnkhSVN - Subversion Support for Visual Studio
	EndGlobalSection
	GlobalSection(SolutionConfigurationPlatforms) = preSolution
		Debug|Win32 = Debug|Win32
		Release|Win32 = Release|Win32
	EndGlobalSection
	GlobalSection(ProjectConfigurationPlatforms) = postSolution
		{FABED366-49FE-4504-91EE-B0F203A41BFF}.Debug|Win32.ActiveCfg = Debug|Win32
		{FABED366-49FE-4504-91EE-B0F203A41BFF}.Debug|Win32.Build.0 = Debug|Win32
		{FABED366-49FE-4504-91EE-B0F203A41BFF}.Release|Win32.ActiveCfg = Release|Win32
		{FABED366-49FE-4504-91EE-B0F203A41BFF}.Release|Win32.Build.0 = Release|Win32
		{55770CA8-CF35-4A55-9DC3-350803ACE5D4}.Debug|Win32.ActiveCfg = Debug|Win32
		{55770CA8-CF35-4A55-9DC3-350803ACE5D4}.Debug|Win32.Build.0 = Debug|Win32
		{55770CA8-CF35-4A55-9DC3-350803ACE5D4}.Release|Win32.ActiveCfg = Release|Win32
		{55770CA8-CF35-4A55-9DC3-350803ACE5D4}.Release|Win32.Build.0 = Release|Win32
	EndGlobalSection
	GlobalSection(SolutionProperties) = preSolution
		HideSolutionNode = FALSE
	EndGlobalSection
EndGlobal
