
Microsoft Visual Studio Solution File, Format Version 10.00
# Visual Studio 2008
Project("{8BC9CEB8-8B4A-11D0-8D11-00A0C91BC942}") = "Interoperability", "Interoperability.vcproj", "{BDD5C5B6-435E-B644-9662-444F874C5F04}"
EndProject
Project("{8BC9CEB8-8B4A-11D0-8D11-00A0C91BC942}") = "lib-interoperability", "lib-interoperability.vcproj", "{0717AA00-91A5-3C45-A8D9-8F7083A3F97F}"
EndProject
Project("{8BC9CEB8-8B4A-11D0-8D11-00A0C91BC942}") = "Mltiple-Inheritance", "Mltiple-Inheritance.vcproj", "{6EAEE309-AB9B-8949-A2B1-7069DC5E342D}"
	ProjectSection(ProjectDependencies) = postProject
		{C2B20997-58E6-3D42-A089-D04EA7906BCB} = {C2B20997-58E6-3D42-A089-D04EA7906BCB}
		{1C8A0DAC-2B33-5B4B-ACCF-E5720259302C} = {1C8A0DAC-2B33-5B4B-ACCF-E5720259302C}
	EndProjectSection
EndProject
Project("{8BC9CEB8-8B4A-11D0-8D11-00A0C91BC942}") = "lib-multiple-inheritance-Vehicle", "lib-multiple-inheritance-Vehicle.vcproj", "{C2B20997-58E6-3D42-A089-D04EA7906BCB}"
EndProject
Project("{8BC9CEB8-8B4A-11D0-8D11-00A0C91BC942}") = "lib-multiple-inheritance-Car", "lib-multiple-inheritance-Car.vcproj", "{B1D90F43-1C5B-4046-B936-95A557CB5B3D}"
	ProjectSection(ProjectDependencies) = postProject
		{C2B20997-58E6-3D42-A089-D04EA7906BCB} = {C2B20997-58E6-3D42-A089-D04EA7906BCB}
	EndProjectSection
EndProject
Project("{8BC9CEB8-8B4A-11D0-8D11-00A0C91BC942}") = "lib-multiple-inheritance-Computer", "lib-multiple-inheritance-Computer.vcproj", "{1C8A0DAC-2B33-5B4B-ACCF-E5720259302C}"
EndProject
Project("{8BC9CEB8-8B4A-11D0-8D11-00A0C91BC942}") = "lib-multiple-inheritance-Boat", "lib-multiple-inheritance-Boat.vcproj", "{03E9E4E1-CFA5-A241-869C-C5676BF70161}"
	ProjectSection(ProjectDependencies) = postProject
		{C2B20997-58E6-3D42-A089-D04EA7906BCB} = {C2B20997-58E6-3D42-A089-D04EA7906BCB}
	EndProjectSection
EndProject
Project("{8BC9CEB8-8B4A-11D0-8D11-00A0C91BC942}") = "lib-multiple-inheritance-Plane", "lib-multiple-inheritance-Plane.vcproj", "{E8DFDD8D-C369-6D46-AA19-55649C42B3D8}"
	ProjectSection(ProjectDependencies) = postProject
		{C2B20997-58E6-3D42-A089-D04EA7906BCB} = {C2B20997-58E6-3D42-A089-D04EA7906BCB}
	EndProjectSection
EndProject
Project("{8BC9CEB8-8B4A-11D0-8D11-00A0C91BC942}") = "lib-multiple-inheritance-Flying-Car", "lib-multiple-inheritance-Flying-Car.vcproj", "{EF0008EC-3F03-2C45-BA96-C81BC2EBA3F2}"
	ProjectSection(ProjectDependencies) = postProject
		{C2B20997-58E6-3D42-A089-D04EA7906BCB} = {C2B20997-58E6-3D42-A089-D04EA7906BCB}
		{E8DFDD8D-C369-6D46-AA19-55649C42B3D8} = {E8DFDD8D-C369-6D46-AA19-55649C42B3D8}
		{B1D90F43-1C5B-4046-B936-95A557CB5B3D} = {B1D90F43-1C5B-4046-B936-95A557CB5B3D}
	EndProjectSection
EndProject
Project("{8BC9CEB8-8B4A-11D0-8D11-00A0C91BC942}") = "lib-multiple-inheritance-Car-Of-The-Future", "lib-multiple-inheritance-Car-Of-The-Future.vcproj", "{1D64E39B-3D86-1A4F-9BF8-65A630ECD21A}"
	ProjectSection(ProjectDependencies) = postProject
		{C2B20997-58E6-3D42-A089-D04EA7906BCB} = {C2B20997-58E6-3D42-A089-D04EA7906BCB}
		{E8DFDD8D-C369-6D46-AA19-55649C42B3D8} = {E8DFDD8D-C369-6D46-AA19-55649C42B3D8}
		{B1D90F43-1C5B-4046-B936-95A557CB5B3D} = {B1D90F43-1C5B-4046-B936-95A557CB5B3D}
		{EF0008EC-3F03-2C45-BA96-C81BC2EBA3F2} = {EF0008EC-3F03-2C45-BA96-C81BC2EBA3F2}
		{03E9E4E1-CFA5-A241-869C-C5676BF70161} = {03E9E4E1-CFA5-A241-869C-C5676BF70161}
		{1C8A0DAC-2B33-5B4B-ACCF-E5720259302C} = {1C8A0DAC-2B33-5B4B-ACCF-E5720259302C}
	EndProjectSection
EndProject
Project("{8BC9CEB8-8B4A-11D0-8D11-00A0C91BC942}") = "Simple-Inheritance", "Simple-Inheritance.vcproj", "{65790D46-7EE7-4042-BC8E-E5931B69501A}"
EndProject
Project("{8BC9CEB8-8B4A-11D0-8D11-00A0C91BC942}") = "lib-simple-inheritance", "lib-simple-inheritance.vcproj", "{B7ECC71F-E9CD-A743-9BD2-36075A4B9300}"
EndProject
Project("{8BC9CEB8-8B4A-11D0-8D11-00A0C91BC942}") = "Hello-World", "Hello-World.vcproj", "{144C5A8B-727A-4345-9DAA-20177762C540}"
EndProject
Project("{8BC9CEB8-8B4A-11D0-8D11-00A0C91BC942}") = "lib-hello-world", "lib-hello-world.vcproj", "{FB47E3A5-814B-4340-A3DF-FA9C257563DD}"
EndProject
Global
	GlobalSection(SolutionConfigurationPlatforms) = preSolution
		Debug|Win32 = Debug|Win32
		Release|Win32 = Release|Win32
	EndGlobalSection
	GlobalSection(ProjectConfigurationPlatforms) = postSolution
		{BDD5C5B6-435E-B644-9662-444F874C5F04}.Debug|Win32.ActiveCfg = Debug|Win32
		{BDD5C5B6-435E-B644-9662-444F874C5F04}.Debug|Win32.Build.0 = Debug|Win32
		{BDD5C5B6-435E-B644-9662-444F874C5F04}.Release|Win32.ActiveCfg = Release|Win32
		{BDD5C5B6-435E-B644-9662-444F874C5F04}.Release|Win32.Build.0 = Release|Win32
		{0717AA00-91A5-3C45-A8D9-8F7083A3F97F}.Debug|Win32.ActiveCfg = Debug|Win32
		{0717AA00-91A5-3C45-A8D9-8F7083A3F97F}.Debug|Win32.Build.0 = Debug|Win32
		{0717AA00-91A5-3C45-A8D9-8F7083A3F97F}.Release|Win32.ActiveCfg = Release|Win32
		{0717AA00-91A5-3C45-A8D9-8F7083A3F97F}.Release|Win32.Build.0 = Release|Win32
		{6EAEE309-AB9B-8949-A2B1-7069DC5E342D}.Debug|Win32.ActiveCfg = Debug|Win32
		{6EAEE309-AB9B-8949-A2B1-7069DC5E342D}.Debug|Win32.Build.0 = Debug|Win32
		{6EAEE309-AB9B-8949-A2B1-7069DC5E342D}.Release|Win32.ActiveCfg = Release|Win32
		{6EAEE309-AB9B-8949-A2B1-7069DC5E342D}.Release|Win32.Build.0 = Release|Win32
		{C2B20997-58E6-3D42-A089-D04EA7906BCB}.Debug|Win32.ActiveCfg = Debug|Win32
		{C2B20997-58E6-3D42-A089-D04EA7906BCB}.Debug|Win32.Build.0 = Debug|Win32
		{C2B20997-58E6-3D42-A089-D04EA7906BCB}.Release|Win32.ActiveCfg = Release|Win32
		{C2B20997-58E6-3D42-A089-D04EA7906BCB}.Release|Win32.Build.0 = Release|Win32
		{B1D90F43-1C5B-4046-B936-95A557CB5B3D}.Debug|Win32.ActiveCfg = Debug|Win32
		{B1D90F43-1C5B-4046-B936-95A557CB5B3D}.Debug|Win32.Build.0 = Debug|Win32
		{B1D90F43-1C5B-4046-B936-95A557CB5B3D}.Release|Win32.ActiveCfg = Release|Win32
		{B1D90F43-1C5B-4046-B936-95A557CB5B3D}.Release|Win32.Build.0 = Release|Win32
		{1C8A0DAC-2B33-5B4B-ACCF-E5720259302C}.Debug|Win32.ActiveCfg = Debug|Win32
		{1C8A0DAC-2B33-5B4B-ACCF-E5720259302C}.Debug|Win32.Build.0 = Debug|Win32
		{1C8A0DAC-2B33-5B4B-ACCF-E5720259302C}.Release|Win32.ActiveCfg = Release|Win32
		{1C8A0DAC-2B33-5B4B-ACCF-E5720259302C}.Release|Win32.Build.0 = Release|Win32
		{03E9E4E1-CFA5-A241-869C-C5676BF70161}.Debug|Win32.ActiveCfg = Debug|Win32
		{03E9E4E1-CFA5-A241-869C-C5676BF70161}.Debug|Win32.Build.0 = Debug|Win32
		{03E9E4E1-CFA5-A241-869C-C5676BF70161}.Release|Win32.ActiveCfg = Release|Win32
		{03E9E4E1-CFA5-A241-869C-C5676BF70161}.Release|Win32.Build.0 = Release|Win32
		{E8DFDD8D-C369-6D46-AA19-55649C42B3D8}.Debug|Win32.ActiveCfg = Debug|Win32
		{E8DFDD8D-C369-6D46-AA19-55649C42B3D8}.Debug|Win32.Build.0 = Debug|Win32
		{E8DFDD8D-C369-6D46-AA19-55649C42B3D8}.Release|Win32.ActiveCfg = Release|Win32
		{E8DFDD8D-C369-6D46-AA19-55649C42B3D8}.Release|Win32.Build.0 = Release|Win32
		{EF0008EC-3F03-2C45-BA96-C81BC2EBA3F2}.Debug|Win32.ActiveCfg = Debug|Win32
		{EF0008EC-3F03-2C45-BA96-C81BC2EBA3F2}.Debug|Win32.Build.0 = Debug|Win32
		{EF0008EC-3F03-2C45-BA96-C81BC2EBA3F2}.Release|Win32.ActiveCfg = Release|Win32
		{EF0008EC-3F03-2C45-BA96-C81BC2EBA3F2}.Release|Win32.Build.0 = Release|Win32
		{1D64E39B-3D86-1A4F-9BF8-65A630ECD21A}.Debug|Win32.ActiveCfg = Debug|Win32
		{1D64E39B-3D86-1A4F-9BF8-65A630ECD21A}.Debug|Win32.Build.0 = Debug|Win32
		{1D64E39B-3D86-1A4F-9BF8-65A630ECD21A}.Release|Win32.ActiveCfg = Release|Win32
		{1D64E39B-3D86-1A4F-9BF8-65A630ECD21A}.Release|Win32.Build.0 = Release|Win32
		{65790D46-7EE7-4042-BC8E-E5931B69501A}.Debug|Win32.ActiveCfg = Debug|Win32
		{65790D46-7EE7-4042-BC8E-E5931B69501A}.Debug|Win32.Build.0 = Debug|Win32
		{65790D46-7EE7-4042-BC8E-E5931B69501A}.Release|Win32.ActiveCfg = Release|Win32
		{65790D46-7EE7-4042-BC8E-E5931B69501A}.Release|Win32.Build.0 = Release|Win32
		{B7ECC71F-E9CD-A743-9BD2-36075A4B9300}.Debug|Win32.ActiveCfg = Debug|Win32
		{B7ECC71F-E9CD-A743-9BD2-36075A4B9300}.Debug|Win32.Build.0 = Debug|Win32
		{B7ECC71F-E9CD-A743-9BD2-36075A4B9300}.Release|Win32.ActiveCfg = Release|Win32
		{B7ECC71F-E9CD-A743-9BD2-36075A4B9300}.Release|Win32.Build.0 = Release|Win32
		{144C5A8B-727A-4345-9DAA-20177762C540}.Debug|Win32.ActiveCfg = Debug|Win32
		{144C5A8B-727A-4345-9DAA-20177762C540}.Debug|Win32.Build.0 = Debug|Win32
		{144C5A8B-727A-4345-9DAA-20177762C540}.Release|Win32.ActiveCfg = Release|Win32
		{144C5A8B-727A-4345-9DAA-20177762C540}.Release|Win32.Build.0 = Release|Win32
		{FB47E3A5-814B-4340-A3DF-FA9C257563DD}.Debug|Win32.ActiveCfg = Debug|Win32
		{FB47E3A5-814B-4340-A3DF-FA9C257563DD}.Debug|Win32.Build.0 = Debug|Win32
		{FB47E3A5-814B-4340-A3DF-FA9C257563DD}.Release|Win32.ActiveCfg = Release|Win32
		{FB47E3A5-814B-4340-A3DF-FA9C257563DD}.Release|Win32.Build.0 = Release|Win32
	EndGlobalSection
	GlobalSection(SolutionProperties) = preSolution
		HideSolutionNode = FALSE
	EndGlobalSection
EndGlobal
