
Microsoft Visual Studio Solution File, Format Version 10.00
# Visual Studio 2008
Project("{FAE04EC0-301F-11D3-BF4B-00C04F79EFBC}") = "SoundStreaming.StreamingServiceHoster", "SoundStreaming.StreamingServiceHoster\SoundStreaming.StreamingServiceHoster.csproj", "{5A1FE145-BB55-4AFC-8964-13DB2768972D}"
EndProject
Project("{FAE04EC0-301F-11D3-BF4B-00C04F79EFBC}") = "CloudObserver.Services.StreamingService", "CloudObserver.Services.StreamingService\CloudObserver.Services.StreamingService.csproj", "{D9D64C11-6C17-4C22-BF86-3AD9BE2F169D}"
EndProject
Project("{FAE04EC0-301F-11D3-BF4B-00C04F79EFBC}") = "CloudObserver.Policies", "CloudObserver.Policies\CloudObserver.Policies.csproj", "{1A97B991-8F6B-4583-9B0F-7B4415EF1C8E}"
EndProject
Project("{FAE04EC0-301F-11D3-BF4B-00C04F79EFBC}") = "SoundStreaming.DirectSoundSender", "SoundStreaming.DirectSoundSender\SoundStreaming.DirectSoundSender.csproj", "{5E377098-75AB-43DB-B5A1-FE794C65B471}"
EndProject
Project("{FAE04EC0-301F-11D3-BF4B-00C04F79EFBC}") = "SoundStreaming.SilverlightReceiver", "SoundStreaming.SilverlightReceiver\SoundStreaming.SilverlightReceiver.csproj", "{D5F16D2B-78FD-4F71-B3C3-8F163D4B546A}"
EndProject
Global
	GlobalSection(SolutionConfigurationPlatforms) = preSolution
		Debug|Any CPU = Debug|Any CPU
		Release|Any CPU = Release|Any CPU
	EndGlobalSection
	GlobalSection(ProjectConfigurationPlatforms) = postSolution
		{5A1FE145-BB55-4AFC-8964-13DB2768972D}.Debug|Any CPU.ActiveCfg = Debug|Any CPU
		{5A1FE145-BB55-4AFC-8964-13DB2768972D}.Debug|Any CPU.Build.0 = Debug|Any CPU
		{5A1FE145-BB55-4AFC-8964-13DB2768972D}.Release|Any CPU.ActiveCfg = Release|Any CPU
		{5A1FE145-BB55-4AFC-8964-13DB2768972D}.Release|Any CPU.Build.0 = Release|Any CPU
		{D9D64C11-6C17-4C22-BF86-3AD9BE2F169D}.Debug|Any CPU.ActiveCfg = Debug|Any CPU
		{D9D64C11-6C17-4C22-BF86-3AD9BE2F169D}.Debug|Any CPU.Build.0 = Debug|Any CPU
		{D9D64C11-6C17-4C22-BF86-3AD9BE2F169D}.Release|Any CPU.ActiveCfg = Release|Any CPU
		{D9D64C11-6C17-4C22-BF86-3AD9BE2F169D}.Release|Any CPU.Build.0 = Release|Any CPU
		{1A97B991-8F6B-4583-9B0F-7B4415EF1C8E}.Debug|Any CPU.ActiveCfg = Debug|Any CPU
		{1A97B991-8F6B-4583-9B0F-7B4415EF1C8E}.Debug|Any CPU.Build.0 = Debug|Any CPU
		{1A97B991-8F6B-4583-9B0F-7B4415EF1C8E}.Release|Any CPU.ActiveCfg = Release|Any CPU
		{1A97B991-8F6B-4583-9B0F-7B4415EF1C8E}.Release|Any CPU.Build.0 = Release|Any CPU
		{5E377098-75AB-43DB-B5A1-FE794C65B471}.Debug|Any CPU.ActiveCfg = Debug|Any CPU
		{5E377098-75AB-43DB-B5A1-FE794C65B471}.Debug|Any CPU.Build.0 = Debug|Any CPU
		{5E377098-75AB-43DB-B5A1-FE794C65B471}.Release|Any CPU.ActiveCfg = Release|Any CPU
		{5E377098-75AB-43DB-B5A1-FE794C65B471}.Release|Any CPU.Build.0 = Release|Any CPU
		{D5F16D2B-78FD-4F71-B3C3-8F163D4B546A}.Debug|Any CPU.ActiveCfg = Debug|Any CPU
		{D5F16D2B-78FD-4F71-B3C3-8F163D4B546A}.Debug|Any CPU.Build.0 = Debug|Any CPU
		{D5F16D2B-78FD-4F71-B3C3-8F163D4B546A}.Release|Any CPU.ActiveCfg = Release|Any CPU
		{D5F16D2B-78FD-4F71-B3C3-8F163D4B546A}.Release|Any CPU.Build.0 = Release|Any CPU
	EndGlobalSection
	GlobalSection(SolutionProperties) = preSolution
		HideSolutionNode = FALSE
	EndGlobalSection
EndGlobal
