// !$*UTF8*$!
{
	archiveVersion = 1;
	classes = {
	};
	objectVersion = 45;
	objects = {

/* Begin PBXBuildFile section */
		233F363413146CBD00D6B369 /* OpenAL.framework in Frameworks */ = {isa = PBXBuildFile; fileRef = 233F363313146CBD00D6B369 /* OpenAL.framework */; };
		2359D30813151646005162E3 /* libboost_thread-mt.dylib in Frameworks */ = {isa = PBXBuildFile; fileRef = 2359D30713151646005162E3 /* libboost_thread-mt.dylib */; };
		2359D31A13151712005162E3 /* libboost_system-mt.dylib in Frameworks */ = {isa = PBXBuildFile; fileRef = 2359D31913151712005162E3 /* libboost_system-mt.dylib */; };
		2359D32013151739005162E3 /* libboost_regex-mt.dylib in Frameworks */ = {isa = PBXBuildFile; fileRef = 2359D31F13151739005162E3 /* libboost_regex-mt.dylib */; };
		2359D346131518D7005162E3 /* QuickTime.framework in Frameworks */ = {isa = PBXBuildFile; fileRef = 2359D345131518D7005162E3 /* QuickTime.framework */; };
		2359D34E131518EB005162E3 /* Carbon.framework in Frameworks */ = {isa = PBXBuildFile; fileRef = 2359D34D131518EB005162E3 /* Carbon.framework */; };
		238B21A4131473F500800966 /* libavcodec.dylib in Frameworks */ = {isa = PBXBuildFile; fileRef = 238B21A3131473F500800966 /* libavcodec.dylib */; };
		238B21AB1314741000800966 /* libavformat.dylib in Frameworks */ = {isa = PBXBuildFile; fileRef = 238B21AA1314741000800966 /* libavformat.dylib */; };
		238B21B11314742C00800966 /* libswscale.dylib in Frameworks */ = {isa = PBXBuildFile; fileRef = 238B21B01314742C00800966 /* libswscale.dylib */; };
		238B21D6131474B200800966 /* libavutil.dylib in Frameworks */ = {isa = PBXBuildFile; fileRef = 238B21D5131474B200800966 /* libavutil.dylib */; };
		238B21E31314755C00800966 /* libopencv_core.dylib in Frameworks */ = {isa = PBXBuildFile; fileRef = 238B21E21314755C00800966 /* libopencv_core.dylib */; };
		238B21E91314757000800966 /* libopencv_highgui.dylib in Frameworks */ = {isa = PBXBuildFile; fileRef = 238B21E81314757000800966 /* libopencv_highgui.dylib */; };
		238B21EF1314765600800966 /* libopencv_imgproc.dylib in Frameworks */ = {isa = PBXBuildFile; fileRef = 238B21EE1314765600800966 /* libopencv_imgproc.dylib */; };
		23AB4811131416CA008B22F1 /* CloudForeverMac.cpp in Sources */ = {isa = PBXBuildFile; fileRef = 23AB480C131416CA008B22F1 /* CloudForeverMac.cpp */; };
		23AB4812131416CA008B22F1 /* list.cpp in Sources */ = {isa = PBXBuildFile; fileRef = 23AB480D131416CA008B22F1 /* list.cpp */; };
		23AB4813131416CA008B22F1 /* VideoEncoder.cpp in Sources */ = {isa = PBXBuildFile; fileRef = 23AB480F131416CA008B22F1 /* VideoEncoder.cpp */; };
/* End PBXBuildFile section */

/* Begin PBXCopyFilesBuildPhase section */
		8DD76F690486A84900D96B5E /* CopyFiles */ = {
			isa = PBXCopyFilesBuildPhase;
			buildActionMask = 8;
			dstPath = /usr/share/man/man1/;
			dstSubfolderSpec = 0;
			files = (
			);
			runOnlyForDeploymentPostprocessing = 1;
		};
/* End PBXCopyFilesBuildPhase section */

/* Begin PBXFileReference section */
		233F363313146CBD00D6B369 /* OpenAL.framework */ = {isa = PBXFileReference; lastKnownFileType = wrapper.framework; name = OpenAL.framework; path = System/Library/Frameworks/OpenAL.framework; sourceTree = SDKROOT; };
		2359D30713151646005162E3 /* libboost_thread-mt.dylib */ = {isa = PBXFileReference; lastKnownFileType = "compiled.mach-o.dylib"; name = "libboost_thread-mt.dylib"; path = "/opt/local/lib/libboost_thread-mt.dylib"; sourceTree = "<absolute>"; };
		2359D31913151712005162E3 /* libboost_system-mt.dylib */ = {isa = PBXFileReference; lastKnownFileType = "compiled.mach-o.dylib"; name = "libboost_system-mt.dylib"; path = "/opt/local/lib/libboost_system-mt.dylib"; sourceTree = "<absolute>"; };
		2359D31F13151739005162E3 /* libboost_regex-mt.dylib */ = {isa = PBXFileReference; lastKnownFileType = "compiled.mach-o.dylib"; name = "libboost_regex-mt.dylib"; path = "/opt/local/lib/libboost_regex-mt.dylib"; sourceTree = "<absolute>"; };
		2359D345131518D7005162E3 /* QuickTime.framework */ = {isa = PBXFileReference; lastKnownFileType = wrapper.framework; name = QuickTime.framework; path = System/Library/Frameworks/QuickTime.framework; sourceTree = SDKROOT; };
		2359D34D131518EB005162E3 /* Carbon.framework */ = {isa = PBXFileReference; lastKnownFileType = wrapper.framework; name = Carbon.framework; path = System/Library/Frameworks/Carbon.framework; sourceTree = SDKROOT; };
		238B21A3131473F500800966 /* libavcodec.dylib */ = {isa = PBXFileReference; lastKnownFileType = "compiled.mach-o.dylib"; name = libavcodec.dylib; path = /opt/local/lib/libavcodec.dylib; sourceTree = "<absolute>"; };
		238B21AA1314741000800966 /* libavformat.dylib */ = {isa = PBXFileReference; lastKnownFileType = "compiled.mach-o.dylib"; name = libavformat.dylib; path = /opt/local/lib/libavformat.dylib; sourceTree = "<absolute>"; };
		238B21B01314742C00800966 /* libswscale.dylib */ = {isa = PBXFileReference; lastKnownFileType = "compiled.mach-o.dylib"; name = libswscale.dylib; path = /opt/local/lib/libswscale.dylib; sourceTree = "<absolute>"; };
		238B21D5131474B200800966 /* libavutil.dylib */ = {isa = PBXFileReference; lastKnownFileType = "compiled.mach-o.dylib"; name = libavutil.dylib; path = /opt/local/lib/libavutil.dylib; sourceTree = "<absolute>"; };
		238B21E21314755C00800966 /* libopencv_core.dylib */ = {isa = PBXFileReference; lastKnownFileType = "compiled.mach-o.dylib"; name = libopencv_core.dylib; path = /opt/local/lib/libopencv_core.dylib; sourceTree = "<absolute>"; };
		238B21E81314757000800966 /* libopencv_highgui.dylib */ = {isa = PBXFileReference; lastKnownFileType = "compiled.mach-o.dylib"; name = libopencv_highgui.dylib; path = /opt/local/lib/libopencv_highgui.dylib; sourceTree = "<absolute>"; };
		238B21EE1314765600800966 /* libopencv_imgproc.dylib */ = {isa = PBXFileReference; lastKnownFileType = "compiled.mach-o.dylib"; name = libopencv_imgproc.dylib; path = /opt/local/lib/libopencv_imgproc.dylib; sourceTree = "<absolute>"; };
		23AB480C131416CA008B22F1 /* CloudForeverMac.cpp */ = {isa = PBXFileReference; fileEncoding = 4; lastKnownFileType = sourcecode.cpp.cpp; path = CloudForeverMac.cpp; sourceTree = "<group>"; };
		23AB480D131416CA008B22F1 /* list.cpp */ = {isa = PBXFileReference; fileEncoding = 4; lastKnownFileType = sourcecode.cpp.cpp; path = list.cpp; sourceTree = "<group>"; };
		23AB480E131416CA008B22F1 /* list.h */ = {isa = PBXFileReference; fileEncoding = 4; lastKnownFileType = sourcecode.c.h; path = list.h; sourceTree = "<group>"; };
		23AB480F131416CA008B22F1 /* VideoEncoder.cpp */ = {isa = PBXFileReference; fileEncoding = 4; lastKnownFileType = sourcecode.cpp.cpp; path = VideoEncoder.cpp; sourceTree = "<group>"; };
		23AB4810131416CA008B22F1 /* VideoEncoder.h */ = {isa = PBXFileReference; fileEncoding = 4; lastKnownFileType = sourcecode.c.h; path = VideoEncoder.h; sourceTree = "<group>"; };
		8DD76F6C0486A84900D96B5E /* CloudForeverMac */ = {isa = PBXFileReference; explicitFileType = "compiled.mach-o.executable"; includeInIndex = 0; path = CloudForeverMac; sourceTree = BUILT_PRODUCTS_DIR; };
/* End PBXFileReference section */

/* Begin PBXFrameworksBuildPhase section */
		8DD76F660486A84900D96B5E /* Frameworks */ = {
			isa = PBXFrameworksBuildPhase;
			buildActionMask = 2147483647;
			files = (
				233F363413146CBD00D6B369 /* OpenAL.framework in Frameworks */,
				238B21A4131473F500800966 /* libavcodec.dylib in Frameworks */,
				238B21AB1314741000800966 /* libavformat.dylib in Frameworks */,
				238B21B11314742C00800966 /* libswscale.dylib in Frameworks */,
				238B21D6131474B200800966 /* libavutil.dylib in Frameworks */,
				238B21E31314755C00800966 /* libopencv_core.dylib in Frameworks */,
				238B21E91314757000800966 /* libopencv_highgui.dylib in Frameworks */,
				238B21EF1314765600800966 /* libopencv_imgproc.dylib in Frameworks */,
				2359D30813151646005162E3 /* libboost_thread-mt.dylib in Frameworks */,
				2359D31A13151712005162E3 /* libboost_system-mt.dylib in Frameworks */,
				2359D32013151739005162E3 /* libboost_regex-mt.dylib in Frameworks */,
				2359D346131518D7005162E3 /* QuickTime.framework in Frameworks */,
				2359D34E131518EB005162E3 /* Carbon.framework in Frameworks */,
			);
			runOnlyForDeploymentPostprocessing = 0;
		};
/* End PBXFrameworksBuildPhase section */

/* Begin PBXGroup section */
		08FB7794FE84155DC02AAC07 /* CloudForeverMac */ = {
			isa = PBXGroup;
			children = (
				238B21B61314743B00800966 /* Frameworks */,
				08FB7795FE84155DC02AAC07 /* Source */,
				C6859E8C029090F304C91782 /* Documentation */,
				1AB674ADFE9D54B511CA2CBB /* Products */,
			);
			name = CloudForeverMac;
			sourceTree = "<group>";
		};
		08FB7795FE84155DC02AAC07 /* Source */ = {
			isa = PBXGroup;
			children = (
				23AB480C131416CA008B22F1 /* CloudForeverMac.cpp */,
				23AB480D131416CA008B22F1 /* list.cpp */,
				23AB480E131416CA008B22F1 /* list.h */,
				23AB480F131416CA008B22F1 /* VideoEncoder.cpp */,
				23AB4810131416CA008B22F1 /* VideoEncoder.h */,
			);
			name = Source;
			sourceTree = "<group>";
		};
		1AB674ADFE9D54B511CA2CBB /* Products */ = {
			isa = PBXGroup;
			children = (
				8DD76F6C0486A84900D96B5E /* CloudForeverMac */,
			);
			name = Products;
			sourceTree = "<group>";
		};
		238B21B61314743B00800966 /* Frameworks */ = {
			isa = PBXGroup;
			children = (
				2359D34D131518EB005162E3 /* Carbon.framework */,
				233F363313146CBD00D6B369 /* OpenAL.framework */,
				2359D345131518D7005162E3 /* QuickTime.framework */,
				238B21A3131473F500800966 /* libavcodec.dylib */,
				238B21AA1314741000800966 /* libavformat.dylib */,
				238B21D5131474B200800966 /* libavutil.dylib */,
				2359D31F13151739005162E3 /* libboost_regex-mt.dylib */,
				2359D31913151712005162E3 /* libboost_system-mt.dylib */,
				2359D30713151646005162E3 /* libboost_thread-mt.dylib */,
				238B21E21314755C00800966 /* libopencv_core.dylib */,
				238B21E81314757000800966 /* libopencv_highgui.dylib */,
				238B21EE1314765600800966 /* libopencv_imgproc.dylib */,
				238B21B01314742C00800966 /* libswscale.dylib */,
			);
			name = Frameworks;
			sourceTree = "<group>";
		};
		C6859E8C029090F304C91782 /* Documentation */ = {
			isa = PBXGroup;
			children = (
			);
			name = Documentation;
			sourceTree = "<group>";
		};
/* End PBXGroup section */

/* Begin PBXNativeTarget section */
		8DD76F620486A84900D96B5E /* CloudForeverMac */ = {
			isa = PBXNativeTarget;
			buildConfigurationList = 1DEB923108733DC60010E9CD /* Build configuration list for PBXNativeTarget "CloudForeverMac" */;
			buildPhases = (
				8DD76F640486A84900D96B5E /* Sources */,
				8DD76F660486A84900D96B5E /* Frameworks */,
				8DD76F690486A84900D96B5E /* CopyFiles */,
			);
			buildRules = (
			);
			dependencies = (
			);
			name = CloudForeverMac;
			productInstallPath = "$(HOME)/bin";
			productName = CloudForeverMac;
			productReference = 8DD76F6C0486A84900D96B5E /* CloudForeverMac */;
			productType = "com.apple.product-type.tool";
		};
/* End PBXNativeTarget section */

/* Begin PBXProject section */
		08FB7793FE84155DC02AAC07 /* Project object */ = {
			isa = PBXProject;
			buildConfigurationList = 1DEB923508733DC60010E9CD /* Build configuration list for PBXProject "CloudForeverMac" */;
			compatibilityVersion = "Xcode 3.1";
			developmentRegion = English;
			hasScannedForEncodings = 1;
			knownRegions = (
				English,
				Japanese,
				French,
				German,
			);
			mainGroup = 08FB7794FE84155DC02AAC07 /* CloudForeverMac */;
			projectDirPath = "";
			projectRoot = "";
			targets = (
				8DD76F620486A84900D96B5E /* CloudForeverMac */,
			);
		};
/* End PBXProject section */

/* Begin PBXSourcesBuildPhase section */
		8DD76F640486A84900D96B5E /* Sources */ = {
			isa = PBXSourcesBuildPhase;
			buildActionMask = 2147483647;
			files = (
				23AB4811131416CA008B22F1 /* CloudForeverMac.cpp in Sources */,
				23AB4812131416CA008B22F1 /* list.cpp in Sources */,
				23AB4813131416CA008B22F1 /* VideoEncoder.cpp in Sources */,
			);
			runOnlyForDeploymentPostprocessing = 0;
		};
/* End PBXSourcesBuildPhase section */

/* Begin XCBuildConfiguration section */
		1DEB923208733DC60010E9CD /* Debug */ = {
			isa = XCBuildConfiguration;
			buildSettings = {
				ALWAYS_SEARCH_USER_PATHS = NO;
				COPY_PHASE_STRIP = NO;
				GCC_DYNAMIC_NO_PIC = NO;
				GCC_ENABLE_FIX_AND_CONTINUE = YES;
				GCC_MODEL_TUNING = G5;
				GCC_OPTIMIZATION_LEVEL = 0;
				INSTALL_PATH = /usr/local/bin;
				LIBRARY_SEARCH_PATHS = (
					"$(inherited)",
					/opt/local/lib,
				);
				PRODUCT_NAME = CloudForeverMac;
			};
			name = Debug;
		};
		1DEB923308733DC60010E9CD /* Release */ = {
			isa = XCBuildConfiguration;
			buildSettings = {
				ALWAYS_SEARCH_USER_PATHS = NO;
				DEBUG_INFORMATION_FORMAT = "dwarf-with-dsym";
				GCC_MODEL_TUNING = G5;
				INSTALL_PATH = /usr/local/bin;
				LIBRARY_SEARCH_PATHS = (
					"$(inherited)",
					/opt/local/lib,
				);
				PRODUCT_NAME = CloudForeverMac;
			};
			name = Release;
		};
		1DEB923608733DC60010E9CD /* Debug */ = {
			isa = XCBuildConfiguration;
			buildSettings = {
				ARCHS = "$(ARCHS_STANDARD_32_BIT)";
				FRAMEWORK_SEARCH_PATHS = "";
				GCC_C_LANGUAGE_STANDARD = gnu99;
				GCC_OPTIMIZATION_LEVEL = 0;
				GCC_WARN_ABOUT_RETURN_TYPE = YES;
				GCC_WARN_UNUSED_VARIABLE = YES;
				HEADER_SEARCH_PATHS = /opt/local/include;
				LIBRARY_SEARCH_PATHS = "";
				ONLY_ACTIVE_ARCH = YES;
				PREBINDING = NO;
				SDKROOT = macosx10.6;
			};
			name = Debug;
		};
		1DEB923708733DC60010E9CD /* Release */ = {
			isa = XCBuildConfiguration;
			buildSettings = {
				ARCHS = "$(ARCHS_STANDARD_32_64_BIT)";
				GCC_C_LANGUAGE_STANDARD = gnu99;
				GCC_WARN_ABOUT_RETURN_TYPE = YES;
				GCC_WARN_UNUSED_VARIABLE = YES;
				PREBINDING = NO;
				SDKROOT = macosx10.6;
			};
			name = Release;
		};
/* End XCBuildConfiguration section */

/* Begin XCConfigurationList section */
		1DEB923108733DC60010E9CD /* Build configuration list for PBXNativeTarget "CloudForeverMac" */ = {
			isa = XCConfigurationList;
			buildConfigurations = (
				1DEB923208733DC60010E9CD /* Debug */,
				1DEB923308733DC60010E9CD /* Release */,
			);
			defaultConfigurationIsVisible = 0;
			defaultConfigurationName = Release;
		};
		1DEB923508733DC60010E9CD /* Build configuration list for PBXProject "CloudForeverMac" */ = {
			isa = XCConfigurationList;
			buildConfigurations = (
				1DEB923608733DC60010E9CD /* Debug */,
				1DEB923708733DC60010E9CD /* Release */,
			);
			defaultConfigurationIsVisible = 0;
			defaultConfigurationName = Release;
		};
/* End XCConfigurationList section */
	};
	rootObject = 08FB7793FE84155DC02AAC07 /* Project object */;
}
